<Solution>
  <Project Path="../GasSimulation.Benchmarks/GasSimulation.Benchmarks.csproj" Id="daa5284b-b909-43f2-9d8c-743efb66b58e" />
  <Project Path="../GasSimulation.Tests/GasSimulation.Tests.csproj" Id="b0ebbabc-ccb0-44e8-98fb-7095598e1e15" />
  <Project Path="GasSimulation.csproj" />
</Solution>
